PODS:
  - GoogleAnalytics (3.17.0)
  - OCMock (3.3.1)
  - UrbanAirship-iOS-GA-Tracker (1.0.1):
    - GoogleAnalytics (~> 3.17)
    - UrbanAirship-iOS-SDK (~> 8.0.0)
  - UrbanAirship-iOS-SDK (8.0.0)

DEPENDENCIES:
  - OCMock
  - UrbanAirship-iOS-GA-Tracker (from `..`)

EXTERNAL SOURCES:
  UrbanAirship-iOS-GA-Tracker:
    :path: ".."

SPEC CHECKSUMS:
  GoogleAnalytics: f42cc53a87a51fe94334821868d9c8481ff47a7b
  OCMock: f3f61e6eaa16038c30caa5798c5e49d3307b6f22
  UrbanAirship-iOS-GA-Tracker: d69504470475aebda4860238593fcdee0e34c50e
  UrbanAirship-iOS-SDK: 6f5205d4d8483d545b92736cfb9597d83aa3eaf5

PODFILE CHECKSUM: 704b2c9a3e5f35ac2983c6d0f939ce78966ac8d2

COCOAPODS: 1.1.0.rc.2
